// !$*UTF8*$!
{
	archiveVersion = 1;
	classes = {
	};
	objectVersion = 50;
	objects = {

/* Begin PBXBuildFile section */
		50148455226FAB3D00A6C532 /* NetworkHeaderView.swift in Sources */ = {isa = PBXBuildFile; fileRef = 50148454226FAB3D00A6C532 /* NetworkHeaderView.swift */; };
		503A260C22336529003D3D5F /* CoverCell.swift in Sources */ = {isa = PBXBuildFile; fileRef = 503A260B22336529003D3D5F /* CoverCell.swift */; };
		50443677223219740051775F /* Podcast.swift in Sources */ = {isa = PBXBuildFile; fileRef = 50443676223219740051775F /* Podcast.swift */; };
		504489AC2234326B0040980B /* PodcastViewController.swift in Sources */ = {isa = PBXBuildFile; fileRef = 504489AB2234326B0040980B /* PodcastViewController.swift */; };
		504489AE2234709D0040980B /* EpisodeViewController.swift in Sources */ = {isa = PBXBuildFile; fileRef = 504489AD2234709D0040980B /* EpisodeViewController.swift */; };
		5075A0C22267EC41008C7A7D /* EpisodeListHeaderView.xib in Resources */ = {isa = PBXBuildFile; fileRef = 5075A0C12267EC41008C7A7D /* EpisodeListHeaderView.xib */; };
		5094733622667EC700380988 /* FetchController.swift in Sources */ = {isa = PBXBuildFile; fileRef = 5094733522667EC700380988 /* FetchController.swift */; };
		509473442266D26600380988 /* EpisodeListHeaderView.swift in Sources */ = {isa = PBXBuildFile; fileRef = 509473432266D26600380988 /* EpisodeListHeaderView.swift */; };
		509473462266D6A900380988 /* EpisodeCell.swift in Sources */ = {isa = PBXBuildFile; fileRef = 509473452266D6A900380988 /* EpisodeCell.swift */; };
		50AF558D2230F7700034F824 /* AppDelegate.swift in Sources */ = {isa = PBXBuildFile; fileRef = 50AF558C2230F7700034F824 /* AppDelegate.swift */; };
		50AF558F2230F7700034F824 /* NetworkViewController.swift in Sources */ = {isa = PBXBuildFile; fileRef = 50AF558E2230F7700034F824 /* NetworkViewController.swift */; };
		50AF55922230F7700034F824 /* Main.storyboard in Resources */ = {isa = PBXBuildFile; fileRef = 50AF55902230F7700034F824 /* Main.storyboard */; };
		50AF55942230F7720034F824 /* Assets.xcassets in Resources */ = {isa = PBXBuildFile; fileRef = 50AF55932230F7720034F824 /* Assets.xcassets */; };
		50AF55972230F7720034F824 /* LaunchScreen.storyboard in Resources */ = {isa = PBXBuildFile; fileRef = 50AF55952230F7720034F824 /* LaunchScreen.storyboard */; };
		50AF55A322310CD00034F824 /* FeedKit.framework in Frameworks */ = {isa = PBXBuildFile; fileRef = 50AF55A222310CD00034F824 /* FeedKit.framework */; };
		50DE12D1227A27B900518771 /* ViewExtensions.swift in Sources */ = {isa = PBXBuildFile; fileRef = 50DE12D0227A27B900518771 /* ViewExtensions.swift */; };
		50DE12D2227A38B100518771 /* SwiftAudio.framework in Frameworks */ = {isa = PBXBuildFile; fileRef = 508624C5223A0A3E0085E2F1 /* SwiftAudio.framework */; };
		50DE12D3227A38C500518771 /* Alamofire.framework in Frameworks */ = {isa = PBXBuildFile; fileRef = 508624C7223A0A520085E2F1 /* Alamofire.framework */; };
		50DE12D6227A45B100518771 /* Kingfisher.framework in Frameworks */ = {isa = PBXBuildFile; fileRef = 503A260D22336773003D3D5F /* Kingfisher.framework */; };
		50DF786B225EA3EA003CF653 /* NetworkController.swift in Sources */ = {isa = PBXBuildFile; fileRef = 50DF786A225EA3EA003CF653 /* NetworkController.swift */; };
/* End PBXBuildFile section */

/* Begin PBXFileReference section */
		50148454226FAB3D00A6C532 /* NetworkHeaderView.swift */ = {isa = PBXFileReference; lastKnownFileType = sourcecode.swift; path = NetworkHeaderView.swift; sourceTree = "<group>"; };
		503A260B22336529003D3D5F /* CoverCell.swift */ = {isa = PBXFileReference; lastKnownFileType = sourcecode.swift; path = CoverCell.swift; sourceTree = "<group>"; };
		503A260D22336773003D3D5F /* Kingfisher.framework */ = {isa = PBXFileReference; lastKnownFileType = wrapper.framework; name = Kingfisher.framework; path = Carthage/Build/iOS/Kingfisher.framework; sourceTree = "<group>"; };
		50443676223219740051775F /* Podcast.swift */ = {isa = PBXFileReference; lastKnownFileType = sourcecode.swift; path = Podcast.swift; sourceTree = "<group>"; };
		504489AB2234326B0040980B /* PodcastViewController.swift */ = {isa = PBXFileReference; lastKnownFileType = sourcecode.swift; path = PodcastViewController.swift; sourceTree = "<group>"; };
		504489AD2234709D0040980B /* EpisodeViewController.swift */ = {isa = PBXFileReference; lastKnownFileType = sourcecode.swift; path = EpisodeViewController.swift; sourceTree = "<group>"; };
		5075A0C12267EC41008C7A7D /* EpisodeListHeaderView.xib */ = {isa = PBXFileReference; lastKnownFileType = file.xib; path = EpisodeListHeaderView.xib; sourceTree = "<group>"; };
		508624C5223A0A3E0085E2F1 /* SwiftAudio.framework */ = {isa = PBXFileReference; lastKnownFileType = wrapper.framework; name = SwiftAudio.framework; path = Carthage/Build/iOS/SwiftAudio.framework; sourceTree = "<group>"; };
		508624C7223A0A520085E2F1 /* Alamofire.framework */ = {isa = PBXFileReference; lastKnownFileType = wrapper.framework; name = Alamofire.framework; path = Carthage/Build/iOS/Alamofire.framework; sourceTree = "<group>"; };
		5087DBD5227179C300A353A7 /* Moya.framework */ = {isa = PBXFileReference; lastKnownFileType = wrapper.framework; name = Moya.framework; path = Carthage/Build/iOS/Moya.framework; sourceTree = "<group>"; };
		5087DBD92271A01B00A353A7 /* Result.framework */ = {isa = PBXFileReference; lastKnownFileType = wrapper.framework; name = Result.framework; path = Carthage/Build/iOS/Result.framework; sourceTree = "<group>"; };
		5094733522667EC700380988 /* FetchController.swift */ = {isa = PBXFileReference; lastKnownFileType = sourcecode.swift; path = FetchController.swift; sourceTree = "<group>"; };
		509473432266D26600380988 /* EpisodeListHeaderView.swift */ = {isa = PBXFileReference; lastKnownFileType = sourcecode.swift; path = EpisodeListHeaderView.swift; sourceTree = "<group>"; };
		509473452266D6A900380988 /* EpisodeCell.swift */ = {isa = PBXFileReference; lastKnownFileType = sourcecode.swift; path = EpisodeCell.swift; sourceTree = "<group>"; };
		50AF55892230F7700034F824 /* GoodLion.app */ = {isa = PBXFileReference; explicitFileType = wrapper.application; includeInIndex = 0; path = GoodLion.app; sourceTree = BUILT_PRODUCTS_DIR; };
		50AF558C2230F7700034F824 /* AppDelegate.swift */ = {isa = PBXFileReference; lastKnownFileType = sourcecode.swift; path = AppDelegate.swift; sourceTree = "<group>"; };
		50AF558E2230F7700034F824 /* NetworkViewController.swift */ = {isa = PBXFileReference; lastKnownFileType = sourcecode.swift; path = NetworkViewController.swift; sourceTree = "<group>"; };
		50AF55912230F7700034F824 /* Base */ = {isa = PBXFileReference; lastKnownFileType = file.storyboard; name = Base; path = Base.lproj/Main.storyboard; sourceTree = "<group>"; };
		50AF55932230F7720034F824 /* Assets.xcassets */ = {isa = PBXFileReference; lastKnownFileType = folder.assetcatalog; path = Assets.xcassets; sourceTree = "<group>"; };
		50AF55962230F7720034F824 /* Base */ = {isa = PBXFileReference; lastKnownFileType = file.storyboard; name = Base; path = Base.lproj/LaunchScreen.storyboard; sourceTree = "<group>"; };
		50AF55982230F7720034F824 /* Info.plist */ = {isa = PBXFileReference; lastKnownFileType = text.plist.xml; path = Info.plist; sourceTree = "<group>"; };
		50AF55A222310CD00034F824 /* FeedKit.framework */ = {isa = PBXFileReference; lastKnownFileType = wrapper.framework; name = FeedKit.framework; path = Carthage/Build/iOS/FeedKit.framework; sourceTree = "<group>"; };
		50DE12D0227A27B900518771 /* ViewExtensions.swift */ = {isa = PBXFileReference; lastKnownFileType = sourcecode.swift; path = ViewExtensions.swift; sourceTree = "<group>"; };
		50DE12D4227A38E600518771 /* AlamofireImage.framework */ = {isa = PBXFileReference; lastKnownFileType = wrapper.framework; name = AlamofireImage.framework; path = Carthage/Build/iOS/AlamofireImage.framework; sourceTree = "<group>"; };
		50DF786A225EA3EA003CF653 /* NetworkController.swift */ = {isa = PBXFileReference; lastKnownFileType = sourcecode.swift; path = NetworkController.swift; sourceTree = "<group>"; };
/* End PBXFileReference section */

/* Begin PBXFrameworksBuildPhase section */
		50AF55862230F7700034F824 /* Frameworks */ = {
			isa = PBXFrameworksBuildPhase;
			buildActionMask = 2147483647;
			files = (
				50DE12D6227A45B100518771 /* Kingfisher.framework in Frameworks */,
				50DE12D3227A38C500518771 /* Alamofire.framework in Frameworks */,
				50DE12D2227A38B100518771 /* SwiftAudio.framework in Frameworks */,
				50AF55A322310CD00034F824 /* FeedKit.framework in Frameworks */,
			);
			runOnlyForDeploymentPostprocessing = 0;
		};
/* End PBXFrameworksBuildPhase section */

/* Begin PBXGroup section */
		509473422266CEFB00380988 /* Views */ = {
			isa = PBXGroup;
			children = (
				50DE12D0227A27B900518771 /* ViewExtensions.swift */,
				50148454226FAB3D00A6C532 /* NetworkHeaderView.swift */,
				509473452266D6A900380988 /* EpisodeCell.swift */,
				503A260B22336529003D3D5F /* CoverCell.swift */,
				509473432266D26600380988 /* EpisodeListHeaderView.swift */,
			);
			path = Views;
			sourceTree = "<group>";
		};
		50AF55802230F7700034F824 = {
			isa = PBXGroup;
			children = (
				50AF558B2230F7700034F824 /* GoodLion */,
				50AF558A2230F7700034F824 /* Products */,
				50AF55A122310CD00034F824 /* Frameworks */,
			);
			sourceTree = "<group>";
		};
		50AF558A2230F7700034F824 /* Products */ = {
			isa = PBXGroup;
			children = (
				50AF55892230F7700034F824 /* GoodLion.app */,
			);
			name = Products;
			sourceTree = "<group>";
		};
		50AF558B2230F7700034F824 /* GoodLion */ = {
			isa = PBXGroup;
			children = (
				50AF55982230F7720034F824 /* Info.plist */,
				50AF55952230F7720034F824 /* LaunchScreen.storyboard */,
				50C7B2A1226A769000509785 /* Needed */,
				50DF7869225EA3B7003CF653 /* ModelControllers */,
				50C7B29F226A763F00509785 /* ViewControllers */,
				50C7B2A0226A765300509785 /* Models */,
				509473422266CEFB00380988 /* Views */,
				50C7B2A2226A76C100509785 /* Interface */,
			);
			path = GoodLion;
			sourceTree = "<group>";
		};
		50AF55A122310CD00034F824 /* Frameworks */ = {
			isa = PBXGroup;
			children = (
				50DE12D4227A38E600518771 /* AlamofireImage.framework */,
				5087DBD92271A01B00A353A7 /* Result.framework */,
				5087DBD5227179C300A353A7 /* Moya.framework */,
				508624C7223A0A520085E2F1 /* Alamofire.framework */,
				508624C5223A0A3E0085E2F1 /* SwiftAudio.framework */,
				503A260D22336773003D3D5F /* Kingfisher.framework */,
				50AF55A222310CD00034F824 /* FeedKit.framework */,
			);
			name = Frameworks;
			sourceTree = "<group>";
		};
		50C7B29F226A763F00509785 /* ViewControllers */ = {
			isa = PBXGroup;
			children = (
				50AF558E2230F7700034F824 /* NetworkViewController.swift */,
				504489AB2234326B0040980B /* PodcastViewController.swift */,
				504489AD2234709D0040980B /* EpisodeViewController.swift */,
			);
			path = ViewControllers;
			sourceTree = "<group>";
		};
		50C7B2A0226A765300509785 /* Models */ = {
			isa = PBXGroup;
			children = (
				50443676223219740051775F /* Podcast.swift */,
			);
			path = Models;
			sourceTree = "<group>";
		};
		50C7B2A1226A769000509785 /* Needed */ = {
			isa = PBXGroup;
			children = (
				50AF558C2230F7700034F824 /* AppDelegate.swift */,
				50AF55932230F7720034F824 /* Assets.xcassets */,
			);
			path = Needed;
			sourceTree = "<group>";
		};
		50C7B2A2226A76C100509785 /* Interface */ = {
			isa = PBXGroup;
			children = (
				50AF55902230F7700034F824 /* Main.storyboard */,
				5075A0C12267EC41008C7A7D /* EpisodeListHeaderView.xib */,
			);
			path = Interface;
			sourceTree = "<group>";
		};
		50DF7869225EA3B7003CF653 /* ModelControllers */ = {
			isa = PBXGroup;
			children = (
				50DF786A225EA3EA003CF653 /* NetworkController.swift */,
				5094733522667EC700380988 /* FetchController.swift */,
			);
			path = ModelControllers;
			sourceTree = "<group>";
		};
/* End PBXGroup section */

/* Begin PBXNativeTarget section */
		50AF55882230F7700034F824 /* GoodLion */ = {
			isa = PBXNativeTarget;
			buildConfigurationList = 50AF559B2230F7720034F824 /* Build configuration list for PBXNativeTarget "GoodLion" */;
			buildPhases = (
				50AF55A022310AE80034F824 /* ShellScript */,
				50AF55852230F7700034F824 /* Sources */,
				50AF55862230F7700034F824 /* Frameworks */,
				50AF55872230F7700034F824 /* Resources */,
			);
			buildRules = (
			);
			dependencies = (
			);
			name = GoodLion;
			productName = GoodLion;
			productReference = 50AF55892230F7700034F824 /* GoodLion.app */;
			productType = "com.apple.product-type.application";
		};
/* End PBXNativeTarget section */

/* Begin PBXProject section */
		50AF55812230F7700034F824 /* Project object */ = {
			isa = PBXProject;
			attributes = {
				LastSwiftUpdateCheck = 1010;
				LastUpgradeCheck = 1010;
				ORGANIZATIONNAME = "Hesed Creative";
				TargetAttributes = {
					50AF55882230F7700034F824 = {
						CreatedOnToolsVersion = 10.1;
						LastSwiftMigration = 1020;
						SystemCapabilities = {
							com.apple.BackgroundModes = {
								enabled = 1;
							};
						};
					};
				};
			};
			buildConfigurationList = 50AF55842230F7700034F824 /* Build configuration list for PBXProject "GoodLion" */;
			compatibilityVersion = "Xcode 9.3";
			developmentRegion = en;
			hasScannedForEncodings = 0;
			knownRegions = (
				en,
				Base,
			);
			mainGroup = 50AF55802230F7700034F824;
			productRefGroup = 50AF558A2230F7700034F824 /* Products */;
			projectDirPath = "";
			projectRoot = "";
			targets = (
				50AF55882230F7700034F824 /* GoodLion */,
			);
		};
/* End PBXProject section */

/* Begin PBXResourcesBuildPhase section */
		50AF55872230F7700034F824 /* Resources */ = {
			isa = PBXResourcesBuildPhase;
			buildActionMask = 2147483647;
			files = (
				50AF55972230F7720034F824 /* LaunchScreen.storyboard in Resources */,
				50AF55942230F7720034F824 /* Assets.xcassets in Resources */,
				5075A0C22267EC41008C7A7D /* EpisodeListHeaderView.xib in Resources */,
				50AF55922230F7700034F824 /* Main.storyboard in Resources */,
			);
			runOnlyForDeploymentPostprocessing = 0;
		};
/* End PBXResourcesBuildPhase section */

/* Begin PBXShellScriptBuildPhase section */
		50AF55A022310AE80034F824 /* ShellScript */ = {
			isa = PBXShellScriptBuildPhase;
			buildActionMask = 2147483647;
			files = (
			);
			inputFileListPaths = (
			);
			inputPaths = (
				"$(SRCROOT)/Carthage/Build/iOS/FeedKit.framework",
				"$(SRCROOT)/Carthage/Build/iOS/Alamofire.framework",
				"$(SRCROOT)/Carthage/Build/iOS/SwiftAudio.framework",
				"$(SRCROOT)/Carthage/Build/iOS/Kingfisher.framework",
			);
			outputFileListPaths = (
			);
			outputPaths = (
			);
			runOnlyForDeploymentPostprocessing = 0;
			shellPath = /bin/sh;
			shellScript = "/usr/local/bin/carthage copy-frameworks\n";
		};
/* End PBXShellScriptBuildPhase section */

/* Begin PBXSourcesBuildPhase section */
		50AF55852230F7700034F824 /* Sources */ = {
			isa = PBXSourcesBuildPhase;
			buildActionMask = 2147483647;
			files = (
				50AF558F2230F7700034F824 /* NetworkViewController.swift in Sources */,
				50AF558D2230F7700034F824 /* AppDelegate.swift in Sources */,
				504489AC2234326B0040980B /* PodcastViewController.swift in Sources */,
				503A260C22336529003D3D5F /* CoverCell.swift in Sources */,
				504489AE2234709D0040980B /* EpisodeViewController.swift in Sources */,
				509473462266D6A900380988 /* EpisodeCell.swift in Sources */,
				50148455226FAB3D00A6C532 /* NetworkHeaderView.swift in Sources */,
				50DF786B225EA3EA003CF653 /* NetworkController.swift in Sources */,
				5094733622667EC700380988 /* FetchController.swift in Sources */,
				509473442266D26600380988 /* EpisodeListHeaderView.swift in Sources */,
				50DE12D1227A27B900518771 /* ViewExtensions.swift in Sources */,
				50443677223219740051775F /* Podcast.swift in Sources */,
			);
			runOnlyForDeploymentPostprocessing = 0;
		};
/* End PBXSourcesBuildPhase section */

/* Begin PBXVariantGroup section */
		50AF55902230F7700034F824 /* Main.storyboard */ = {
			isa = PBXVariantGroup;
			children = (
				50AF55912230F7700034F824 /* Base */,
			);
			name = Main.storyboard;
			sourceTree = "<group>";
		};
		50AF55952230F7720034F824 /* LaunchScreen.storyboard */ = {
			isa = PBXVariantGroup;
			children = (
				50AF55962230F7720034F824 /* Base */,
			);
			name = LaunchScreen.storyboard;
			sourceTree = "<group>";
		};
/* End PBXVariantGroup section */

/* Begin XCBuildConfiguration section */
		50AF55992230F7720034F824 /* Debug */ = {
			isa = XCBuildConfiguration;
			buildSettings = {
				ALWAYS_SEARCH_USER_PATHS = NO;
				CLANG_ANALYZER_NONNULL = YES;
				CLANG_ANALYZER_NUMBER_OBJECT_CONVERSION = YES_AGGRESSIVE;
				CLANG_CXX_LANGUAGE_STANDARD = "gnu++14";
				CLANG_CXX_LIBRARY = "libc++";
				CLANG_ENABLE_MODULES = YES;
				CLANG_ENABLE_OBJC_ARC = YES;
				CLANG_ENABLE_OBJC_WEAK = YES;
				CLANG_WARN_BLOCK_CAPTURE_AUTORELEASING = YES;
				CLANG_WARN_BOOL_CONVERSION = YES;
				CLANG_WARN_COMMA = YES;
				CLANG_WARN_CONSTANT_CONVERSION = YES;
				CLANG_WARN_DEPRECATED_OBJC_IMPLEMENTATIONS = YES;
				CLANG_WARN_DIRECT_OBJC_ISA_USAGE = YES_ERROR;
				CLANG_WARN_DOCUMENTATION_COMMENTS = YES;
				CLANG_WARN_EMPTY_BODY = YES;
				CLANG_WARN_ENUM_CONVERSION = YES;
				CLANG_WARN_INFINITE_RECURSION = YES;
				CLANG_WARN_INT_CONVERSION = YES;
				CLANG_WARN_NON_LITERAL_NULL_CONVERSION = YES;
				CLANG_WARN_OBJC_IMPLICIT_RETAIN_SELF = YES;
				CLANG_WARN_OBJC_LITERAL_CONVERSION = YES;
				CLANG_WARN_OBJC_ROOT_CLASS = YES_ERROR;
				CLANG_WARN_RANGE_LOOP_ANALYSIS = YES;
				CLANG_WARN_STRICT_PROTOTYPES = YES;
				CLANG_WARN_SUSPICIOUS_MOVE = YES;
				CLANG_WARN_UNGUARDED_AVAILABILITY = YES_AGGRESSIVE;
				CLANG_WARN_UNREACHABLE_CODE = YES;
				CLANG_WARN__DUPLICATE_METHOD_MATCH = YES;
				CODE_SIGN_IDENTITY = "iPhone Developer";
				COPY_PHASE_STRIP = NO;
				DEBUG_INFORMATION_FORMAT = dwarf;
				ENABLE_STRICT_OBJC_MSGSEND = YES;
				ENABLE_TESTABILITY = YES;
				GCC_C_LANGUAGE_STANDARD = gnu11;
				GCC_DYNAMIC_NO_PIC = NO;
				GCC_NO_COMMON_BLOCKS = YES;
				GCC_OPTIMIZATION_LEVEL = 0;
				GCC_PREPROCESSOR_DEFINITIONS = (
					"DEBUG=1",
					"$(inherited)",
				);
				GCC_WARN_64_TO_32_BIT_CONVERSION = YES;
				GCC_WARN_ABOUT_RETURN_TYPE = YES_ERROR;
				GCC_WARN_UNDECLARED_SELECTOR = YES;
				GCC_WARN_UNINITIALIZED_AUTOS = YES_AGGRESSIVE;
				GCC_WARN_UNUSED_FUNCTION = YES;
				GCC_WARN_UNUSED_VARIABLE = YES;
				IPHONEOS_DEPLOYMENT_TARGET = 12.1;
				MTL_ENABLE_DEBUG_INFO = INCLUDE_SOURCE;
				MTL_FAST_MATH = YES;
				ONLY_ACTIVE_ARCH = YES;
				SDKROOT = iphoneos;
				SWIFT_ACTIVE_COMPILATION_CONDITIONS = DEBUG;
				SWIFT_OPTIMIZATION_LEVEL = "-Onone";
				SWIFT_VERSION = 5.0;
			};
			name = Debug;
		};
		50AF559A2230F7720034F824 /* Release */ = {
			isa = XCBuildConfiguration;
			buildSettings = {
				ALWAYS_SEARCH_USER_PATHS = NO;
				CLANG_ANALYZER_NONNULL = YES;
				CLANG_ANALYZER_NUMBER_OBJECT_CONVERSION = YES_AGGRESSIVE;
				CLANG_CXX_LANGUAGE_STANDARD = "gnu++14";
				CLANG_CXX_LIBRARY = "libc++";
				CLANG_ENABLE_MODULES = YES;
				CLANG_ENABLE_OBJC_ARC = YES;
				CLANG_ENABLE_OBJC_WEAK = YES;
				CLANG_WARN_BLOCK_CAPTURE_AUTORELEASING = YES;
				CLANG_WARN_BOOL_CONVERSION = YES;
				CLANG_WARN_COMMA = YES;
				CLANG_WARN_CONSTANT_CONVERSION = YES;
				CLANG_WARN_DEPRECATED_OBJC_IMPLEMENTATIONS = YES;
				CLANG_WARN_DIRECT_OBJC_ISA_USAGE = YES_ERROR;
				CLANG_WARN_DOCUMENTATION_COMMENTS = YES;
				CLANG_WARN_EMPTY_BODY = YES;
				CLANG_WARN_ENUM_CONVERSION = YES;
				CLANG_WARN_INFINITE_RECURSION = YES;
				CLANG_WARN_INT_CONVERSION = YES;
				CLANG_WARN_NON_LITERAL_NULL_CONVERSION = YES;
				CLANG_WARN_OBJC_IMPLICIT_RETAIN_SELF = YES;
				CLANG_WARN_OBJC_LITERAL_CONVERSION = YES;
				CLANG_WARN_OBJC_ROOT_CLASS = YES_ERROR;
				CLANG_WARN_RANGE_LOOP_ANALYSIS = YES;
				CLANG_WARN_STRICT_PROTOTYPES = YES;
				CLANG_WARN_SUSPICIOUS_MOVE = YES;
				CLANG_WARN_UNGUARDED_AVAILABILITY = YES_AGGRESSIVE;
				CLANG_WARN_UNREACHABLE_CODE = YES;
				CLANG_WARN__DUPLICATE_METHOD_MATCH = YES;
				CODE_SIGN_IDENTITY = "iPhone Developer";
				COPY_PHASE_STRIP = NO;
				DEBUG_INFORMATION_FORMAT = "dwarf-with-dsym";
				ENABLE_NS_ASSERTIONS = NO;
				ENABLE_STRICT_OBJC_MSGSEND = YES;
				GCC_C_LANGUAGE_STANDARD = gnu11;
				GCC_NO_COMMON_BLOCKS = YES;
				GCC_WARN_64_TO_32_BIT_CONVERSION = YES;
				GCC_WARN_ABOUT_RETURN_TYPE = YES_ERROR;
				GCC_WARN_UNDECLARED_SELECTOR = YES;
				GCC_WARN_UNINITIALIZED_AUTOS = YES_AGGRESSIVE;
				GCC_WARN_UNUSED_FUNCTION = YES;
				GCC_WARN_UNUSED_VARIABLE = YES;
				IPHONEOS_DEPLOYMENT_TARGET = 12.1;
				MTL_ENABLE_DEBUG_INFO = NO;
				MTL_FAST_MATH = YES;
				SDKROOT = iphoneos;
				SWIFT_COMPILATION_MODE = wholemodule;
				SWIFT_OPTIMIZATION_LEVEL = "-O";
				SWIFT_VERSION = 5.0;
				VALIDATE_PRODUCT = YES;
			};
			name = Release;
		};
		50AF559C2230F7720034F824 /* Debug */ = {
			isa = XCBuildConfiguration;
			buildSettings = {
				ASSETCATALOG_COMPILER_APPICON_NAME = AppIcon;
				CODE_SIGN_STYLE = Automatic;
				DEVELOPMENT_TEAM = 6FG7E8ZV3F;
				FRAMEWORK_SEARCH_PATHS = (
					"$(inherited)",
					"$(PROJECT_DIR)/Carthage/Build/iOS",
				);
				INFOPLIST_FILE = GoodLion/Info.plist;
				LD_RUNPATH_SEARCH_PATHS = (
					"$(inherited)",
					"@executable_path/Frameworks",
				);
				PRODUCT_BUNDLE_IDENTIFIER = com.ajcaldwell.GoodLion;
				PRODUCT_NAME = "$(TARGET_NAME)";
				SWIFT_VERSION = 5.0;
				TARGETED_DEVICE_FAMILY = "1,2";
			};
			name = Debug;
		};
		50AF559D2230F7720034F824 /* Release */ = {
			isa = XCBuildConfiguration;
			buildSettings = {
				ASSETCATALOG_COMPILER_APPICON_NAME = AppIcon;
				CODE_SIGN_STYLE = Automatic;
				DEVELOPMENT_TEAM = 6FG7E8ZV3F;
				FRAMEWORK_SEARCH_PATHS = (
					"$(inherited)",
					"$(PROJECT_DIR)/Carthage/Build/iOS",
				);
				INFOPLIST_FILE = GoodLion/Info.plist;
				LD_RUNPATH_SEARCH_PATHS = (
					"$(inherited)",
					"@executable_path/Frameworks",
				);
				PRODUCT_BUNDLE_IDENTIFIER = com.ajcaldwell.GoodLion;
				PRODUCT_NAME = "$(TARGET_NAME)";
				SWIFT_VERSION = 5.0;
				TARGETED_DEVICE_FAMILY = "1,2";
			};
			name = Release;
		};
/* End XCBuildConfiguration section */

/* Begin XCConfigurationList section */
		50AF55842230F7700034F824 /* Build configuration list for PBXProject "GoodLion" */ = {
			isa = XCConfigurationList;
			buildConfigurations = (
				50AF55992230F7720034F824 /* Debug */,
				50AF559A2230F7720034F824 /* Release */,
			);
			defaultConfigurationIsVisible = 0;
			defaultConfigurationName = Release;
		};
		50AF559B2230F7720034F824 /* Build configuration list for PBXNativeTarget "GoodLion" */ = {
			isa = XCConfigurationList;
			buildConfigurations = (
				50AF559C2230F7720034F824 /* Debug */,
				50AF559D2230F7720034F824 /* Release */,
			);
			defaultConfigurationIsVisible = 0;
			defaultConfigurationName = Release;
		};
/* End XCConfigurationList section */
	};
	rootObject = 50AF55812230F7700034F824 /* Project object */;
}
